
Microsoft Visual Studio Solution File, Format Version 12.00
# Visual Studio Version 16
VisualStudioVersion = 16.0.32407.337
MinimumVisualStudioVersion = 10.0.40219.1
Project("{FAE04EC0-301F-11D3-BF4B-00C04F79EFBC}") = "1.Car", "1.Car\1.Car.csproj", "{4E6A8E94-9620-4517-B869-246AE5DF1A7D}"
EndProject
Global
	GlobalSection(SolutionConfigurationPlatforms) = preSolution
		Debug|Any CPU = Debug|Any CPU
		Release|Any CPU = Release|Any CPU
	EndGlobalSection
	GlobalSection(ProjectConfigurationPlatforms) = postSolution
		{4E6A8E94-9620-4517-B869-246AE5DF1A7D}.Debug|Any CPU.ActiveCfg = Debug|Any CPU
		{4E6A8E94-9620-4517-B869-246AE5DF1A7D}.Debug|Any CPU.Build.0 = Debug|Any CPU
		{4E6A8E94-9620-4517-B869-246AE5DF1A7D}.Release|Any CPU.ActiveCfg = Release|Any CPU
		{4E6A8E94-9620-4517-B869-246AE5DF1A7D}.Release|Any CPU.Build.0 = Release|Any CPU
	EndGlobalSection
	GlobalSection(SolutionProperties) = preSolution
		HideSolutionNode = FALSE
	EndGlobalSection
	GlobalSection(ExtensibilityGlobals) = postSolution
		SolutionGuid = {ED60E34E-7A0A-4BE6-82CC-0F5461676249}
	EndGlobalSection
EndGlobal
