
Microsoft Visual Studio Solution File, Format Version 12.00
# Visual Studio Version 16
VisualStudioVersion = 16.0.32407.337
MinimumVisualStudioVersion = 10.0.40219.1
Project("{9A19103F-16F7-4668-BE54-9A1E7A4F7556}") = "First", "First\First.csproj", "{F42D93B8-0BCE-4BC9-946A-219CB88F097E}"
EndProject
Project("{9A19103F-16F7-4668-BE54-9A1E7A4F7556}") = "Second", "Second\Second.csproj", "{4E120F19-BC88-41A0-9A10-6815964E5284}"
EndProject
Project("{FAE04EC0-301F-11D3-BF4B-00C04F79EFBC}") = "TESTVAM", "TESTVAM\TESTVAM.csproj", "{ED8CFB5F-5FFC-455E-876B-36AA24135A46}"
EndProject
Global
	GlobalSection(SolutionConfigurationPlatforms) = preSolution
		Debug|Any CPU = Debug|Any CPU
		Release|Any CPU = Release|Any CPU
	EndGlobalSection
	GlobalSection(ProjectConfigurationPlatforms) = postSolution
		{F42D93B8-0BCE-4BC9-946A-219CB88F097E}.Debug|Any CPU.ActiveCfg = Debug|Any CPU
		{F42D93B8-0BCE-4BC9-946A-219CB88F097E}.Debug|Any CPU.Build.0 = Debug|Any CPU
		{F42D93B8-0BCE-4BC9-946A-219CB88F097E}.Release|Any CPU.ActiveCfg = Release|Any CPU
		{F42D93B8-0BCE-4BC9-946A-219CB88F097E}.Release|Any CPU.Build.0 = Release|Any CPU
		{4E120F19-BC88-41A0-9A10-6815964E5284}.Debug|Any CPU.ActiveCfg = Debug|Any CPU
		{4E120F19-BC88-41A0-9A10-6815964E5284}.Debug|Any CPU.Build.0 = Debug|Any CPU
		{4E120F19-BC88-41A0-9A10-6815964E5284}.Release|Any CPU.ActiveCfg = Release|Any CPU
		{4E120F19-BC88-41A0-9A10-6815964E5284}.Release|Any CPU.Build.0 = Release|Any CPU
		{ED8CFB5F-5FFC-455E-876B-36AA24135A46}.Debug|Any CPU.ActiveCfg = Debug|Any CPU
		{ED8CFB5F-5FFC-455E-876B-36AA24135A46}.Debug|Any CPU.Build.0 = Debug|Any CPU
		{ED8CFB5F-5FFC-455E-876B-36AA24135A46}.Release|Any CPU.ActiveCfg = Release|Any CPU
		{ED8CFB5F-5FFC-455E-876B-36AA24135A46}.Release|Any CPU.Build.0 = Release|Any CPU
	EndGlobalSection
	GlobalSection(SolutionProperties) = preSolution
		HideSolutionNode = FALSE
	EndGlobalSection
	GlobalSection(ExtensibilityGlobals) = postSolution
		SolutionGuid = {81D8036D-5365-4478-8176-9FA295ADF8E6}
	EndGlobalSection
EndGlobal
